
Microsoft Visual Studio Solution File, Format Version 12.00
# Visual Studio Version 17
VisualStudioVersion = 17.0.31903.59
MinimumVisualStudioVersion = 10.0.40219.1
Project("{9A19103F-16F7-4668-BE54-9A1E7A4F7556}") = "Xam.HelpTools.Demo", "Xam.HelpTools.Demo\Xam.HelpTools.Demo.csproj", "{FD5952CF-B242-42E5-B922-2075CBDFB288}"
EndProject
Project("{FAE04EC0-301F-11D3-BF4B-00C04F79EFBC}") = "Xam.HelpTools.Demo.Android", "Xam.HelpTools.Demo.Android\Xam.HelpTools.Demo.Android.csproj", "{52E7FC5B-2353-4384-A34B-0D590C1096D2}"
EndProject
Project("{FAE04EC0-301F-11D3-BF4B-00C04F79EFBC}") = "Xam.HelpTools.Demo.iOS", "Xam.HelpTools.Demo.iOS\Xam.HelpTools.Demo.iOS.csproj", "{52A74BB7-52A3-40CD-9E83-BE699F44FA9D}"
EndProject
Project("{FAE04EC0-301F-11D3-BF4B-00C04F79EFBC}") = "Xam.HelpTools.Demo.UWP", "Xam.HelpTools.Demo.UWP\Xam.HelpTools.Demo.UWP.csproj", "{1825A6F9-C9CA-46F7-8D04-AD59D29015DF}"
EndProject
Project("{9A19103F-16F7-4668-BE54-9A1E7A4F7556}") = "Xam.HelpTools", "Xam.HelpTools\Xam.HelpTools.csproj", "{1BCD1010-A95C-4719-B8C9-E149193E537C}"
EndProject
Project("{2150E333-8FDC-42A3-9474-1A3956D46DE8}") = "Solution Items", "Solution Items", "{4CC796DD-ED7E-4798-AD4C-DEF272BD18F1}"
	ProjectSection(SolutionItems) = preProject
		Directory.Build.props = Directory.Build.props
		.github\workflows\dotnet.yml = .github\workflows\dotnet.yml
		README.md = README.md
		Xam.HelpTools\version.json = Xam.HelpTools\version.json
	EndProjectSection
EndProject
Project("{9A19103F-16F7-4668-BE54-9A1E7A4F7556}") = "Xam.HelpTools.UnitTests", "Xam.HelpTools.UnitTests\Xam.HelpTools.UnitTests.csproj", "{3F86CAED-21A9-454B-93A0-D1FDB7663EA6}"
EndProject
Global
	GlobalSection(SolutionConfigurationPlatforms) = preSolution
		Ad-Hoc|Any CPU = Ad-Hoc|Any CPU
		Ad-Hoc|ARM = Ad-Hoc|ARM
		Ad-Hoc|iPhone = Ad-Hoc|iPhone
		Ad-Hoc|iPhoneSimulator = Ad-Hoc|iPhoneSimulator
		Ad-Hoc|x64 = Ad-Hoc|x64
		Ad-Hoc|x86 = Ad-Hoc|x86
		AppStore|Any CPU = AppStore|Any CPU
		AppStore|ARM = AppStore|ARM
		AppStore|iPhone = AppStore|iPhone
		AppStore|iPhoneSimulator = AppStore|iPhoneSimulator
		AppStore|x64 = AppStore|x64
		AppStore|x86 = AppStore|x86
		Debug|Any CPU = Debug|Any CPU
		Debug|ARM = Debug|ARM
		Debug|iPhone = Debug|iPhone
		Debug|iPhoneSimulator = Debug|iPhoneSimulator
		Debug|x64 = Debug|x64
		Debug|x86 = Debug|x86
		Release|Any CPU = Release|Any CPU
		Release|ARM = Release|ARM
		Release|iPhone = Release|iPhone
		Release|iPhoneSimulator = Release|iPhoneSimulator
		Release|x64 = Release|x64
		Release|x86 = Release|x86
	EndGlobalSection
	GlobalSection(ProjectConfigurationPlatforms) = postSolution
		{FD5952CF-B242-42E5-B922-2075CBDFB288}.Ad-Hoc|Any CPU.ActiveCfg = Debug|Any CPU
		{FD5952CF-B242-42E5-B922-2075CBDFB288}.Ad-Hoc|Any CPU.Build.0 = Debug|Any CPU
		{FD5952CF-B242-42E5-B922-2075CBDFB288}.Ad-Hoc|ARM.ActiveCfg = Debug|Any CPU
		{FD5952CF-B242-42E5-B922-2075CBDFB288}.Ad-Hoc|ARM.Build.0 = Debug|Any CPU
		{FD5952CF-B242-42E5-B922-2075CBDFB288}.Ad-Hoc|iPhone.ActiveCfg = Debug|Any CPU
		{FD5952CF-B242-42E5-B922-2075CBDFB288}.Ad-Hoc|iPhone.Build.0 = Debug|Any CPU
		{FD5952CF-B242-42E5-B922-2075CBDFB288}.Ad-Hoc|iPhoneSimulator.ActiveCfg = Debug|Any CPU
		{FD5952CF-B242-42E5-B922-2075CBDFB288}.Ad-Hoc|iPhoneSimulator.Build.0 = Debug|Any CPU
		{FD5952CF-B242-42E5-B922-2075CBDFB288}.Ad-Hoc|x64.ActiveCfg = Debug|Any CPU
		{FD5952CF-B242-42E5-B922-2075CBDFB288}.Ad-Hoc|x64.Build.0 = Debug|Any CPU
		{FD5952CF-B242-42E5-B922-2075CBDFB288}.Ad-Hoc|x86.ActiveCfg = Debug|Any CPU
		{FD5952CF-B242-42E5-B922-2075CBDFB288}.Ad-Hoc|x86.Build.0 = Debug|Any CPU
		{FD5952CF-B242-42E5-B922-2075CBDFB288}.AppStore|Any CPU.ActiveCfg = Debug|Any CPU
		{FD5952CF-B242-42E5-B922-2075CBDFB288}.AppStore|Any CPU.Build.0 = Debug|Any CPU
		{FD5952CF-B242-42E5-B922-2075CBDFB288}.AppStore|ARM.ActiveCfg = Debug|Any CPU
		{FD5952CF-B242-42E5-B922-2075CBDFB288}.AppStore|ARM.Build.0 = Debug|Any CPU
		{FD5952CF-B242-42E5-B922-2075CBDFB288}.AppStore|iPhone.ActiveCfg = Debug|Any CPU
		{FD5952CF-B242-42E5-B922-2075CBDFB288}.AppStore|iPhone.Build.0 = Debug|Any CPU
		{FD5952CF-B242-42E5-B922-2075CBDFB288}.AppStore|iPhoneSimulator.ActiveCfg = Debug|Any CPU
		{FD5952CF-B242-42E5-B922-2075CBDFB288}.AppStore|iPhoneSimulator.Build.0 = Debug|Any CPU
		{FD5952CF-B242-42E5-B922-2075CBDFB288}.AppStore|x64.ActiveCfg = Debug|Any CPU
		{FD5952CF-B242-42E5-B922-2075CBDFB288}.AppStore|x64.Build.0 = Debug|Any CPU
		{FD5952CF-B242-42E5-B922-2075CBDFB288}.AppStore|x86.ActiveCfg = Debug|Any CPU
		{FD5952CF-B242-42E5-B922-2075CBDFB288}.AppStore|x86.Build.0 = Debug|Any CPU
		{FD5952CF-B242-42E5-B922-2075CBDFB288}.Debug|Any CPU.ActiveCfg = Debug|Any CPU
		{FD5952CF-B242-42E5-B922-2075CBDFB288}.Debug|Any CPU.Build.0 = Debug|Any CPU
		{FD5952CF-B242-42E5-B922-2075CBDFB288}.Debug|ARM.ActiveCfg = Debug|Any CPU
		{FD5952CF-B242-42E5-B922-2075CBDFB288}.Debug|ARM.Build.0 = Debug|Any CPU
		{FD5952CF-B242-42E5-B922-2075CBDFB288}.Debug|iPhone.ActiveCfg = Debug|Any CPU
		{FD5952CF-B242-42E5-B922-2075CBDFB288}.Debug|iPhone.Build.0 = Debug|Any CPU
		{FD5952CF-B242-42E5-B922-2075CBDFB288}.Debug|iPhoneSimulator.ActiveCfg = Debug|Any CPU
		{FD5952CF-B242-42E5-B922-2075CBDFB288}.Debug|iPhoneSimulator.Build.0 = Debug|Any CPU
		{FD5952CF-B242-42E5-B922-2075CBDFB288}.Debug|x64.ActiveCfg = Debug|Any CPU
		{FD5952CF-B242-42E5-B922-2075CBDFB288}.Debug|x64.Build.0 = Debug|Any CPU
		{FD5952CF-B242-42E5-B922-2075CBDFB288}.Debug|x86.ActiveCfg = Debug|Any CPU
		{FD5952CF-B242-42E5-B922-2075CBDFB288}.Debug|x86.Build.0 = Debug|Any CPU
		{FD5952CF-B242-42E5-B922-2075CBDFB288}.Release|Any CPU.ActiveCfg = Release|Any CPU
		{FD5952CF-B242-42E5-B922-2075CBDFB288}.Release|Any CPU.Build.0 = Release|Any CPU
		{FD5952CF-B242-42E5-B922-2075CBDFB288}.Release|ARM.ActiveCfg = Release|Any CPU
		{FD5952CF-B242-42E5-B922-2075CBDFB288}.Release|ARM.Build.0 = Release|Any CPU
		{FD5952CF-B242-42E5-B922-2075CBDFB288}.Release|iPhone.ActiveCfg = Release|Any CPU
		{FD5952CF-B242-42E5-B922-2075CBDFB288}.Release|iPhone.Build.0 = Release|Any CPU
		{FD5952CF-B242-42E5-B922-2075CBDFB288}.Release|iPhoneSimulator.ActiveCfg = Release|Any CPU
		{FD5952CF-B242-42E5-B922-2075CBDFB288}.Release|iPhoneSimulator.Build.0 = Release|Any CPU
		{FD5952CF-B242-42E5-B922-2075CBDFB288}.Release|x64.ActiveCfg = Release|Any CPU
		{FD5952CF-B242-42E5-B922-2075CBDFB288}.Release|x64.Build.0 = Release|Any CPU
		{FD5952CF-B242-42E5-B922-2075CBDFB288}.Release|x86.ActiveCfg = Release|Any CPU
		{FD5952CF-B242-42E5-B922-2075CBDFB288}.Release|x86.Build.0 = Release|Any CPU
		{52E7FC5B-2353-4384-A34B-0D590C1096D2}.Ad-Hoc|Any CPU.ActiveCfg = Debug|Any CPU
		{52E7FC5B-2353-4384-A34B-0D590C1096D2}.Ad-Hoc|Any CPU.Build.0 = Debug|Any CPU
		{52E7FC5B-2353-4384-A34B-0D590C1096D2}.Ad-Hoc|Any CPU.Deploy.0 = Debug|Any CPU
		{52E7FC5B-2353-4384-A34B-0D590C1096D2}.Ad-Hoc|ARM.ActiveCfg = Debug|Any CPU
		{52E7FC5B-2353-4384-A34B-0D590C1096D2}.Ad-Hoc|ARM.Build.0 = Debug|Any CPU
		{52E7FC5B-2353-4384-A34B-0D590C1096D2}.Ad-Hoc|ARM.Deploy.0 = Debug|Any CPU
		{52E7FC5B-2353-4384-A34B-0D590C1096D2}.Ad-Hoc|iPhone.ActiveCfg = Debug|Any CPU
		{52E7FC5B-2353-4384-A34B-0D590C1096D2}.Ad-Hoc|iPhone.Build.0 = Debug|Any CPU
		{52E7FC5B-2353-4384-A34B-0D590C1096D2}.Ad-Hoc|iPhone.Deploy.0 = Debug|Any CPU
		{52E7FC5B-2353-4384-A34B-0D590C1096D2}.Ad-Hoc|iPhoneSimulator.ActiveCfg = Debug|Any CPU
		{52E7FC5B-2353-4384-A34B-0D590C1096D2}.Ad-Hoc|iPhoneSimulator.Build.0 = Debug|Any CPU
		{52E7FC5B-2353-4384-A34B-0D590C1096D2}.Ad-Hoc|iPhoneSimulator.Deploy.0 = Debug|Any CPU
		{52E7FC5B-2353-4384-A34B-0D590C1096D2}.Ad-Hoc|x64.ActiveCfg = Debug|Any CPU
		{52E7FC5B-2353-4384-A34B-0D590C1096D2}.Ad-Hoc|x64.Build.0 = Debug|Any CPU
		{52E7FC5B-2353-4384-A34B-0D590C1096D2}.Ad-Hoc|x64.Deploy.0 = Debug|Any CPU
		{52E7FC5B-2353-4384-A34B-0D590C1096D2}.Ad-Hoc|x86.ActiveCfg = Debug|Any CPU
		{52E7FC5B-2353-4384-A34B-0D590C1096D2}.Ad-Hoc|x86.Build.0 = Debug|Any CPU
		{52E7FC5B-2353-4384-A34B-0D590C1096D2}.Ad-Hoc|x86.Deploy.0 = Debug|Any CPU
		{52E7FC5B-2353-4384-A34B-0D590C1096D2}.AppStore|Any CPU.ActiveCfg = Debug|Any CPU
		{52E7FC5B-2353-4384-A34B-0D590C1096D2}.AppStore|Any CPU.Build.0 = Debug|Any CPU
		{52E7FC5B-2353-4384-A34B-0D590C1096D2}.AppStore|Any CPU.Deploy.0 = Debug|Any CPU
		{52E7FC5B-2353-4384-A34B-0D590C1096D2}.AppStore|ARM.ActiveCfg = Debug|Any CPU
		{52E7FC5B-2353-4384-A34B-0D590C1096D2}.AppStore|ARM.Build.0 = Debug|Any CPU
		{52E7FC5B-2353-4384-A34B-0D590C1096D2}.AppStore|ARM.Deploy.0 = Debug|Any CPU
		{52E7FC5B-2353-4384-A34B-0D590C1096D2}.AppStore|iPhone.ActiveCfg = Debug|Any CPU
		{52E7FC5B-2353-4384-A34B-0D590C1096D2}.AppStore|iPhone.Build.0 = Debug|Any CPU
		{52E7FC5B-2353-4384-A34B-0D590C1096D2}.AppStore|iPhone.Deploy.0 = Debug|Any CPU
		{52E7FC5B-2353-4384-A34B-0D590C1096D2}.AppStore|iPhoneSimulator.ActiveCfg = Debug|Any CPU
		{52E7FC5B-2353-4384-A34B-0D590C1096D2}.AppStore|iPhoneSimulator.Build.0 = Debug|Any CPU
		{52E7FC5B-2353-4384-A34B-0D590C1096D2}.AppStore|iPhoneSimulator.Deploy.0 = Debug|Any CPU
		{52E7FC5B-2353-4384-A34B-0D590C1096D2}.AppStore|x64.ActiveCfg = Debug|Any CPU
		{52E7FC5B-2353-4384-A34B-0D590C1096D2}.AppStore|x64.Build.0 = Debug|Any CPU
		{52E7FC5B-2353-4384-A34B-0D590C1096D2}.AppStore|x64.Deploy.0 = Debug|Any CPU
		{52E7FC5B-2353-4384-A34B-0D590C1096D2}.AppStore|x86.ActiveCfg = Debug|Any CPU
		{52E7FC5B-2353-4384-A34B-0D590C1096D2}.AppStore|x86.Build.0 = Debug|Any CPU
		{52E7FC5B-2353-4384-A34B-0D590C1096D2}.AppStore|x86.Deploy.0 = Debug|Any CPU
		{52E7FC5B-2353-4384-A34B-0D590C1096D2}.Debug|Any CPU.ActiveCfg = Debug|Any CPU
		{52E7FC5B-2353-4384-A34B-0D590C1096D2}.Debug|Any CPU.Build.0 = Debug|Any CPU
		{52E7FC5B-2353-4384-A34B-0D590C1096D2}.Debug|Any CPU.Deploy.0 = Debug|Any CPU
		{52E7FC5B-2353-4384-A34B-0D590C1096D2}.Debug|ARM.ActiveCfg = Debug|Any CPU
		{52E7FC5B-2353-4384-A34B-0D590C1096D2}.Debug|ARM.Build.0 = Debug|Any CPU
		{52E7FC5B-2353-4384-A34B-0D590C1096D2}.Debug|ARM.Deploy.0 = Debug|Any CPU
		{52E7FC5B-2353-4384-A34B-0D590C1096D2}.Debug|iPhone.ActiveCfg = Debug|Any CPU
		{52E7FC5B-2353-4384-A34B-0D590C1096D2}.Debug|iPhone.Build.0 = Debug|Any CPU
		{52E7FC5B-2353-4384-A34B-0D590C1096D2}.Debug|iPhone.Deploy.0 = Debug|Any CPU
		{52E7FC5B-2353-4384-A34B-0D590C1096D2}.Debug|iPhoneSimulator.ActiveCfg = Debug|Any CPU
		{52E7FC5B-2353-4384-A34B-0D590C1096D2}.Debug|iPhoneSimulator.Build.0 = Debug|Any CPU
		{52E7FC5B-2353-4384-A34B-0D590C1096D2}.Debug|iPhoneSimulator.Deploy.0 = Debug|Any CPU
		{52E7FC5B-2353-4384-A34B-0D590C1096D2}.Debug|x64.ActiveCfg = Debug|Any CPU
		{52E7FC5B-2353-4384-A34B-0D590C1096D2}.Debug|x64.Build.0 = Debug|Any CPU
		{52E7FC5B-2353-4384-A34B-0D590C1096D2}.Debug|x64.Deploy.0 = Debug|Any CPU
		{52E7FC5B-2353-4384-A34B-0D590C1096D2}.Debug|x86.ActiveCfg = Debug|Any CPU
		{52E7FC5B-2353-4384-A34B-0D590C1096D2}.Debug|x86.Build.0 = Debug|Any CPU
		{52E7FC5B-2353-4384-A34B-0D590C1096D2}.Debug|x86.Deploy.0 = Debug|Any CPU
		{52E7FC5B-2353-4384-A34B-0D590C1096D2}.Release|Any CPU.ActiveCfg = Release|Any CPU
		{52E7FC5B-2353-4384-A34B-0D590C1096D2}.Release|Any CPU.Build.0 = Release|Any CPU
		{52E7FC5B-2353-4384-A34B-0D590C1096D2}.Release|Any CPU.Deploy.0 = Release|Any CPU
		{52E7FC5B-2353-4384-A34B-0D590C1096D2}.Release|ARM.ActiveCfg = Release|Any CPU
		{52E7FC5B-2353-4384-A34B-0D590C1096D2}.Release|ARM.Build.0 = Release|Any CPU
		{52E7FC5B-2353-4384-A34B-0D590C1096D2}.Release|ARM.Deploy.0 = Release|Any CPU
		{52E7FC5B-2353-4384-A34B-0D590C1096D2}.Release|iPhone.ActiveCfg = Release|Any CPU
		{52E7FC5B-2353-4384-A34B-0D590C1096D2}.Release|iPhone.Build.0 = Release|Any CPU
		{52E7FC5B-2353-4384-A34B-0D590C1096D2}.Release|iPhone.Deploy.0 = Release|Any CPU
		{52E7FC5B-2353-4384-A34B-0D590C1096D2}.Release|iPhoneSimulator.ActiveCfg = Release|Any CPU
		{52E7FC5B-2353-4384-A34B-0D590C1096D2}.Release|iPhoneSimulator.Build.0 = Release|Any CPU
		{52E7FC5B-2353-4384-A34B-0D590C1096D2}.Release|iPhoneSimulator.Deploy.0 = Release|Any CPU
		{52E7FC5B-2353-4384-A34B-0D590C1096D2}.Release|x64.ActiveCfg = Release|Any CPU
		{52E7FC5B-2353-4384-A34B-0D590C1096D2}.Release|x64.Build.0 = Release|Any CPU
		{52E7FC5B-2353-4384-A34B-0D590C1096D2}.Release|x64.Deploy.0 = Release|Any CPU
		{52E7FC5B-2353-4384-A34B-0D590C1096D2}.Release|x86.ActiveCfg = Release|Any CPU
		{52E7FC5B-2353-4384-A34B-0D590C1096D2}.Release|x86.Build.0 = Release|Any CPU
		{52E7FC5B-2353-4384-A34B-0D590C1096D2}.Release|x86.Deploy.0 = Release|Any CPU
		{52A74BB7-52A3-40CD-9E83-BE699F44FA9D}.Ad-Hoc|Any CPU.ActiveCfg = Ad-Hoc|iPhoneSimulator
		{52A74BB7-52A3-40CD-9E83-BE699F44FA9D}.Ad-Hoc|ARM.ActiveCfg = Ad-Hoc|iPhoneSimulator
		{52A74BB7-52A3-40CD-9E83-BE699F44FA9D}.Ad-Hoc|iPhone.ActiveCfg = Ad-Hoc|iPhone
		{52A74BB7-52A3-40CD-9E83-BE699F44FA9D}.Ad-Hoc|iPhone.Build.0 = Ad-Hoc|iPhone
		{52A74BB7-52A3-40CD-9E83-BE699F44FA9D}.Ad-Hoc|iPhoneSimulator.ActiveCfg = Ad-Hoc|iPhoneSimulator
		{52A74BB7-52A3-40CD-9E83-BE699F44FA9D}.Ad-Hoc|iPhoneSimulator.Build.0 = Ad-Hoc|iPhoneSimulator
		{52A74BB7-52A3-40CD-9E83-BE699F44FA9D}.Ad-Hoc|x64.ActiveCfg = Ad-Hoc|iPhoneSimulator
		{52A74BB7-52A3-40CD-9E83-BE699F44FA9D}.Ad-Hoc|x86.ActiveCfg = Ad-Hoc|iPhoneSimulator
		{52A74BB7-52A3-40CD-9E83-BE699F44FA9D}.AppStore|Any CPU.ActiveCfg = AppStore|iPhoneSimulator
		{52A74BB7-52A3-40CD-9E83-BE699F44FA9D}.AppStore|ARM.ActiveCfg = AppStore|iPhoneSimulator
		{52A74BB7-52A3-40CD-9E83-BE699F44FA9D}.AppStore|iPhone.ActiveCfg = AppStore|iPhone
		{52A74BB7-52A3-40CD-9E83-BE699F44FA9D}.AppStore|iPhone.Build.0 = AppStore|iPhone
		{52A74BB7-52A3-40CD-9E83-BE699F44FA9D}.AppStore|iPhoneSimulator.ActiveCfg = AppStore|iPhoneSimulator
		{52A74BB7-52A3-40CD-9E83-BE699F44FA9D}.AppStore|iPhoneSimulator.Build.0 = AppStore|iPhoneSimulator
		{52A74BB7-52A3-40CD-9E83-BE699F44FA9D}.AppStore|x64.ActiveCfg = AppStore|iPhoneSimulator
		{52A74BB7-52A3-40CD-9E83-BE699F44FA9D}.AppStore|x86.ActiveCfg = AppStore|iPhoneSimulator
		{52A74BB7-52A3-40CD-9E83-BE699F44FA9D}.Debug|Any CPU.ActiveCfg = Debug|iPhoneSimulator
		{52A74BB7-52A3-40CD-9E83-BE699F44FA9D}.Debug|ARM.ActiveCfg = Debug|iPhoneSimulator
		{52A74BB7-52A3-40CD-9E83-BE699F44FA9D}.Debug|iPhone.ActiveCfg = Debug|iPhone
		{52A74BB7-52A3-40CD-9E83-BE699F44FA9D}.Debug|iPhone.Build.0 = Debug|iPhone
		{52A74BB7-52A3-40CD-9E83-BE699F44FA9D}.Debug|iPhone.Deploy.0 = Debug|iPhone
		{52A74BB7-52A3-40CD-9E83-BE699F44FA9D}.Debug|iPhoneSimulator.ActiveCfg = Debug|iPhoneSimulator
		{52A74BB7-52A3-40CD-9E83-BE699F44FA9D}.Debug|iPhoneSimulator.Build.0 = Debug|iPhoneSimulator
		{52A74BB7-52A3-40CD-9E83-BE699F44FA9D}.Debug|x64.ActiveCfg = Debug|iPhoneSimulator
		{52A74BB7-52A3-40CD-9E83-BE699F44FA9D}.Debug|x86.ActiveCfg = Debug|iPhoneSimulator
		{52A74BB7-52A3-40CD-9E83-BE699F44FA9D}.Release|Any CPU.ActiveCfg = Release|iPhoneSimulator
		{52A74BB7-52A3-40CD-9E83-BE699F44FA9D}.Release|ARM.ActiveCfg = Release|iPhoneSimulator
		{52A74BB7-52A3-40CD-9E83-BE699F44FA9D}.Release|iPhone.ActiveCfg = Release|iPhone
		{52A74BB7-52A3-40CD-9E83-BE699F44FA9D}.Release|iPhone.Build.0 = Release|iPhone
		{52A74BB7-52A3-40CD-9E83-BE699F44FA9D}.Release|iPhoneSimulator.ActiveCfg = Release|iPhoneSimulator
		{52A74BB7-52A3-40CD-9E83-BE699F44FA9D}.Release|iPhoneSimulator.Build.0 = Release|iPhoneSimulator
		{52A74BB7-52A3-40CD-9E83-BE699F44FA9D}.Release|x64.ActiveCfg = Release|iPhoneSimulator
		{52A74BB7-52A3-40CD-9E83-BE699F44FA9D}.Release|x86.ActiveCfg = Release|iPhoneSimulator
		{1825A6F9-C9CA-46F7-8D04-AD59D29015DF}.Ad-Hoc|Any CPU.ActiveCfg = Debug|ARM
		{1825A6F9-C9CA-46F7-8D04-AD59D29015DF}.Ad-Hoc|Any CPU.Build.0 = Debug|ARM
		{1825A6F9-C9CA-46F7-8D04-AD59D29015DF}.Ad-Hoc|Any CPU.Deploy.0 = Debug|ARM
		{1825A6F9-C9CA-46F7-8D04-AD59D29015DF}.Ad-Hoc|ARM.ActiveCfg = Debug|ARM
		{1825A6F9-C9CA-46F7-8D04-AD59D29015DF}.Ad-Hoc|ARM.Build.0 = Debug|ARM
		{1825A6F9-C9CA-46F7-8D04-AD59D29015DF}.Ad-Hoc|ARM.Deploy.0 = Debug|ARM
		{1825A6F9-C9CA-46F7-8D04-AD59D29015DF}.Ad-Hoc|iPhone.ActiveCfg = Debug|ARM
		{1825A6F9-C9CA-46F7-8D04-AD59D29015DF}.Ad-Hoc|iPhone.Build.0 = Debug|ARM
		{1825A6F9-C9CA-46F7-8D04-AD59D29015DF}.Ad-Hoc|iPhone.Deploy.0 = Debug|ARM
		{1825A6F9-C9CA-46F7-8D04-AD59D29015DF}.Ad-Hoc|iPhoneSimulator.ActiveCfg = Debug|ARM
		{1825A6F9-C9CA-46F7-8D04-AD59D29015DF}.Ad-Hoc|iPhoneSimulator.Build.0 = Debug|ARM
		{1825A6F9-C9CA-46F7-8D04-AD59D29015DF}.Ad-Hoc|iPhoneSimulator.Deploy.0 = Debug|ARM
		{1825A6F9-C9CA-46F7-8D04-AD59D29015DF}.Ad-Hoc|x64.ActiveCfg = Debug|x64
		{1825A6F9-C9CA-46F7-8D04-AD59D29015DF}.Ad-Hoc|x64.Build.0 = Debug|x64
		{1825A6F9-C9CA-46F7-8D04-AD59D29015DF}.Ad-Hoc|x64.Deploy.0 = Debug|x64
		{1825A6F9-C9CA-46F7-8D04-AD59D29015DF}.Ad-Hoc|x86.ActiveCfg = Debug|x86
		{1825A6F9-C9CA-46F7-8D04-AD59D29015DF}.Ad-Hoc|x86.Build.0 = Debug|x86
		{1825A6F9-C9CA-46F7-8D04-AD59D29015DF}.Ad-Hoc|x86.Deploy.0 = Debug|x86
		{1825A6F9-C9CA-46F7-8D04-AD59D29015DF}.AppStore|Any CPU.ActiveCfg = Debug|ARM
		{1825A6F9-C9CA-46F7-8D04-AD59D29015DF}.AppStore|Any CPU.Build.0 = Debug|ARM
		{1825A6F9-C9CA-46F7-8D04-AD59D29015DF}.AppStore|Any CPU.Deploy.0 = Debug|ARM
		{1825A6F9-C9CA-46F7-8D04-AD59D29015DF}.AppStore|ARM.ActiveCfg = Debug|ARM
		{1825A6F9-C9CA-46F7-8D04-AD59D29015DF}.AppStore|ARM.Build.0 = Debug|ARM
		{1825A6F9-C9CA-46F7-8D04-AD59D29015DF}.AppStore|ARM.Deploy.0 = Debug|ARM
		{1825A6F9-C9CA-46F7-8D04-AD59D29015DF}.AppStore|iPhone.ActiveCfg = Debug|ARM
		{1825A6F9-C9CA-46F7-8D04-AD59D29015DF}.AppStore|iPhone.Build.0 = Debug|ARM
		{1825A6F9-C9CA-46F7-8D04-AD59D29015DF}.AppStore|iPhone.Deploy.0 = Debug|ARM
		{1825A6F9-C9CA-46F7-8D04-AD59D29015DF}.AppStore|iPhoneSimulator.ActiveCfg = Debug|ARM
		{1825A6F9-C9CA-46F7-8D04-AD59D29015DF}.AppStore|iPhoneSimulator.Build.0 = Debug|ARM
		{1825A6F9-C9CA-46F7-8D04-AD59D29015DF}.AppStore|iPhoneSimulator.Deploy.0 = Debug|ARM
		{1825A6F9-C9CA-46F7-8D04-AD59D29015DF}.AppStore|x64.ActiveCfg = Debug|x64
		{1825A6F9-C9CA-46F7-8D04-AD59D29015DF}.AppStore|x64.Build.0 = Debug|x64
		{1825A6F9-C9CA-46F7-8D04-AD59D29015DF}.AppStore|x64.Deploy.0 = Debug|x64
		{1825A6F9-C9CA-46F7-8D04-AD59D29015DF}.AppStore|x86.ActiveCfg = Debug|x86
		{1825A6F9-C9CA-46F7-8D04-AD59D29015DF}.AppStore|x86.Build.0 = Debug|x86
		{1825A6F9-C9CA-46F7-8D04-AD59D29015DF}.AppStore|x86.Deploy.0 = Debug|x86
		{1825A6F9-C9CA-46F7-8D04-AD59D29015DF}.Debug|Any CPU.ActiveCfg = Debug|x86
		{1825A6F9-C9CA-46F7-8D04-AD59D29015DF}.Debug|ARM.ActiveCfg = Debug|ARM
		{1825A6F9-C9CA-46F7-8D04-AD59D29015DF}.Debug|ARM.Build.0 = Debug|ARM
		{1825A6F9-C9CA-46F7-8D04-AD59D29015DF}.Debug|ARM.Deploy.0 = Debug|ARM
		{1825A6F9-C9CA-46F7-8D04-AD59D29015DF}.Debug|iPhone.ActiveCfg = Debug|x86
		{1825A6F9-C9CA-46F7-8D04-AD59D29015DF}.Debug|iPhoneSimulator.ActiveCfg = Debug|x86
		{1825A6F9-C9CA-46F7-8D04-AD59D29015DF}.Debug|x64.ActiveCfg = Debug|x64
		{1825A6F9-C9CA-46F7-8D04-AD59D29015DF}.Debug|x64.Build.0 = Debug|x64
		{1825A6F9-C9CA-46F7-8D04-AD59D29015DF}.Debug|x64.Deploy.0 = Debug|x64
		{1825A6F9-C9CA-46F7-8D04-AD59D29015DF}.Debug|x86.ActiveCfg = Debug|x86
		{1825A6F9-C9CA-46F7-8D04-AD59D29015DF}.Debug|x86.Build.0 = Debug|x86
		{1825A6F9-C9CA-46F7-8D04-AD59D29015DF}.Debug|x86.Deploy.0 = Debug|x86
		{1825A6F9-C9CA-46F7-8D04-AD59D29015DF}.Release|Any CPU.ActiveCfg = Release|x86
		{1825A6F9-C9CA-46F7-8D04-AD59D29015DF}.Release|ARM.ActiveCfg = Release|ARM
		{1825A6F9-C9CA-46F7-8D04-AD59D29015DF}.Release|ARM.Build.0 = Release|ARM
		{1825A6F9-C9CA-46F7-8D04-AD59D29015DF}.Release|ARM.Deploy.0 = Release|ARM
		{1825A6F9-C9CA-46F7-8D04-AD59D29015DF}.Release|iPhone.ActiveCfg = Release|x86
		{1825A6F9-C9CA-46F7-8D04-AD59D29015DF}.Release|iPhoneSimulator.ActiveCfg = Release|x86
		{1825A6F9-C9CA-46F7-8D04-AD59D29015DF}.Release|x64.ActiveCfg = Release|x64
		{1825A6F9-C9CA-46F7-8D04-AD59D29015DF}.Release|x64.Build.0 = Release|x64
		{1825A6F9-C9CA-46F7-8D04-AD59D29015DF}.Release|x64.Deploy.0 = Release|x64
		{1825A6F9-C9CA-46F7-8D04-AD59D29015DF}.Release|x86.ActiveCfg = Release|x86
		{1825A6F9-C9CA-46F7-8D04-AD59D29015DF}.Release|x86.Build.0 = Release|x86
		{1825A6F9-C9CA-46F7-8D04-AD59D29015DF}.Release|x86.Deploy.0 = Release|x86
		{1BCD1010-A95C-4719-B8C9-E149193E537C}.Ad-Hoc|Any CPU.ActiveCfg = Debug|Any CPU
		{1BCD1010-A95C-4719-B8C9-E149193E537C}.Ad-Hoc|Any CPU.Build.0 = Debug|Any CPU
		{1BCD1010-A95C-4719-B8C9-E149193E537C}.Ad-Hoc|ARM.ActiveCfg = Debug|Any CPU
		{1BCD1010-A95C-4719-B8C9-E149193E537C}.Ad-Hoc|ARM.Build.0 = Debug|Any CPU
		{1BCD1010-A95C-4719-B8C9-E149193E537C}.Ad-Hoc|iPhone.ActiveCfg = Debug|Any CPU
		{1BCD1010-A95C-4719-B8C9-E149193E537C}.Ad-Hoc|iPhone.Build.0 = Debug|Any CPU
		{1BCD1010-A95C-4719-B8C9-E149193E537C}.Ad-Hoc|iPhoneSimulator.ActiveCfg = Debug|Any CPU
		{1BCD1010-A95C-4719-B8C9-E149193E537C}.Ad-Hoc|iPhoneSimulator.Build.0 = Debug|Any CPU
		{1BCD1010-A95C-4719-B8C9-E149193E537C}.Ad-Hoc|x64.ActiveCfg = Debug|Any CPU
		{1BCD1010-A95C-4719-B8C9-E149193E537C}.Ad-Hoc|x64.Build.0 = Debug|Any CPU
		{1BCD1010-A95C-4719-B8C9-E149193E537C}.Ad-Hoc|x86.ActiveCfg = Debug|Any CPU
		{1BCD1010-A95C-4719-B8C9-E149193E537C}.Ad-Hoc|x86.Build.0 = Debug|Any CPU
		{1BCD1010-A95C-4719-B8C9-E149193E537C}.AppStore|Any CPU.ActiveCfg = Debug|Any CPU
		{1BCD1010-A95C-4719-B8C9-E149193E537C}.AppStore|Any CPU.Build.0 = Debug|Any CPU
		{1BCD1010-A95C-4719-B8C9-E149193E537C}.AppStore|ARM.ActiveCfg = Debug|Any CPU
		{1BCD1010-A95C-4719-B8C9-E149193E537C}.AppStore|ARM.Build.0 = Debug|Any CPU
		{1BCD1010-A95C-4719-B8C9-E149193E537C}.AppStore|iPhone.ActiveCfg = Debug|Any CPU
		{1BCD1010-A95C-4719-B8C9-E149193E537C}.AppStore|iPhone.Build.0 = Debug|Any CPU
		{1BCD1010-A95C-4719-B8C9-E149193E537C}.AppStore|iPhoneSimulator.ActiveCfg = Debug|Any CPU
		{1BCD1010-A95C-4719-B8C9-E149193E537C}.AppStore|iPhoneSimulator.Build.0 = Debug|Any CPU
		{1BCD1010-A95C-4719-B8C9-E149193E537C}.AppStore|x64.ActiveCfg = Debug|Any CPU
		{1BCD1010-A95C-4719-B8C9-E149193E537C}.AppStore|x64.Build.0 = Debug|Any CPU
		{1BCD1010-A95C-4719-B8C9-E149193E537C}.AppStore|x86.ActiveCfg = Debug|Any CPU
		{1BCD1010-A95C-4719-B8C9-E149193E537C}.AppStore|x86.Build.0 = Debug|Any CPU
		{1BCD1010-A95C-4719-B8C9-E149193E537C}.Debug|Any CPU.ActiveCfg = Debug|Any CPU
		{1BCD1010-A95C-4719-B8C9-E149193E537C}.Debug|Any CPU.Build.0 = Debug|Any CPU
		{1BCD1010-A95C-4719-B8C9-E149193E537C}.Debug|ARM.ActiveCfg = Debug|Any CPU
		{1BCD1010-A95C-4719-B8C9-E149193E537C}.Debug|ARM.Build.0 = Debug|Any CPU
		{1BCD1010-A95C-4719-B8C9-E149193E537C}.Debug|iPhone.ActiveCfg = Debug|Any CPU
		{1BCD1010-A95C-4719-B8C9-E149193E537C}.Debug|iPhone.Build.0 = Debug|Any CPU
		{1BCD1010-A95C-4719-B8C9-E149193E537C}.Debug|iPhoneSimulator.ActiveCfg = Debug|Any CPU
		{1BCD1010-A95C-4719-B8C9-E149193E537C}.Debug|iPhoneSimulator.Build.0 = Debug|Any CPU
		{1BCD1010-A95C-4719-B8C9-E149193E537C}.Debug|x64.ActiveCfg = Debug|Any CPU
		{1BCD1010-A95C-4719-B8C9-E149193E537C}.Debug|x64.Build.0 = Debug|Any CPU
		{1BCD1010-A95C-4719-B8C9-E149193E537C}.Debug|x86.ActiveCfg = Debug|Any CPU
		{1BCD1010-A95C-4719-B8C9-E149193E537C}.Debug|x86.Build.0 = Debug|Any CPU
		{1BCD1010-A95C-4719-B8C9-E149193E537C}.Release|Any CPU.ActiveCfg = Release|Any CPU
		{1BCD1010-A95C-4719-B8C9-E149193E537C}.Release|Any CPU.Build.0 = Release|Any CPU
		{1BCD1010-A95C-4719-B8C9-E149193E537C}.Release|ARM.ActiveCfg = Release|Any CPU
		{1BCD1010-A95C-4719-B8C9-E149193E537C}.Release|ARM.Build.0 = Release|Any CPU
		{1BCD1010-A95C-4719-B8C9-E149193E537C}.Release|iPhone.ActiveCfg = Release|Any CPU
		{1BCD1010-A95C-4719-B8C9-E149193E537C}.Release|iPhone.Build.0 = Release|Any CPU
		{1BCD1010-A95C-4719-B8C9-E149193E537C}.Release|iPhoneSimulator.ActiveCfg = Release|Any CPU
		{1BCD1010-A95C-4719-B8C9-E149193E537C}.Release|iPhoneSimulator.Build.0 = Release|Any CPU
		{1BCD1010-A95C-4719-B8C9-E149193E537C}.Release|x64.ActiveCfg = Release|Any CPU
		{1BCD1010-A95C-4719-B8C9-E149193E537C}.Release|x64.Build.0 = Release|Any CPU
		{1BCD1010-A95C-4719-B8C9-E149193E537C}.Release|x86.ActiveCfg = Release|Any CPU
		{1BCD1010-A95C-4719-B8C9-E149193E537C}.Release|x86.Build.0 = Release|Any CPU
		{3F86CAED-21A9-454B-93A0-D1FDB7663EA6}.Ad-Hoc|Any CPU.ActiveCfg = Debug|Any CPU
		{3F86CAED-21A9-454B-93A0-D1FDB7663EA6}.Ad-Hoc|Any CPU.Build.0 = Debug|Any CPU
		{3F86CAED-21A9-454B-93A0-D1FDB7663EA6}.Ad-Hoc|ARM.ActiveCfg = Debug|Any CPU
		{3F86CAED-21A9-454B-93A0-D1FDB7663EA6}.Ad-Hoc|ARM.Build.0 = Debug|Any CPU
		{3F86CAED-21A9-454B-93A0-D1FDB7663EA6}.Ad-Hoc|iPhone.ActiveCfg = Debug|Any CPU
		{3F86CAED-21A9-454B-93A0-D1FDB7663EA6}.Ad-Hoc|iPhone.Build.0 = Debug|Any CPU
		{3F86CAED-21A9-454B-93A0-D1FDB7663EA6}.Ad-Hoc|iPhoneSimulator.ActiveCfg = Debug|Any CPU
		{3F86CAED-21A9-454B-93A0-D1FDB7663EA6}.Ad-Hoc|iPhoneSimulator.Build.0 = Debug|Any CPU
		{3F86CAED-21A9-454B-93A0-D1FDB7663EA6}.Ad-Hoc|x64.ActiveCfg = Debug|Any CPU
		{3F86CAED-21A9-454B-93A0-D1FDB7663EA6}.Ad-Hoc|x64.Build.0 = Debug|Any CPU
		{3F86CAED-21A9-454B-93A0-D1FDB7663EA6}.Ad-Hoc|x86.ActiveCfg = Debug|Any CPU
		{3F86CAED-21A9-454B-93A0-D1FDB7663EA6}.Ad-Hoc|x86.Build.0 = Debug|Any CPU
		{3F86CAED-21A9-454B-93A0-D1FDB7663EA6}.AppStore|Any CPU.ActiveCfg = Debug|Any CPU
		{3F86CAED-21A9-454B-93A0-D1FDB7663EA6}.AppStore|Any CPU.Build.0 = Debug|Any CPU
		{3F86CAED-21A9-454B-93A0-D1FDB7663EA6}.AppStore|ARM.ActiveCfg = Debug|Any CPU
		{3F86CAED-21A9-454B-93A0-D1FDB7663EA6}.AppStore|ARM.Build.0 = Debug|Any CPU
		{3F86CAED-21A9-454B-93A0-D1FDB7663EA6}.AppStore|iPhone.ActiveCfg = Debug|Any CPU
		{3F86CAED-21A9-454B-93A0-D1FDB7663EA6}.AppStore|iPhone.Build.0 = Debug|Any CPU
		{3F86CAED-21A9-454B-93A0-D1FDB7663EA6}.AppStore|iPhoneSimulator.ActiveCfg = Debug|Any CPU
		{3F86CAED-21A9-454B-93A0-D1FDB7663EA6}.AppStore|iPhoneSimulator.Build.0 = Debug|Any CPU
		{3F86CAED-21A9-454B-93A0-D1FDB7663EA6}.AppStore|x64.ActiveCfg = Debug|Any CPU
		{3F86CAED-21A9-454B-93A0-D1FDB7663EA6}.AppStore|x64.Build.0 = Debug|Any CPU
		{3F86CAED-21A9-454B-93A0-D1FDB7663EA6}.AppStore|x86.ActiveCfg = Debug|Any CPU
		{3F86CAED-21A9-454B-93A0-D1FDB7663EA6}.AppStore|x86.Build.0 = Debug|Any CPU
		{3F86CAED-21A9-454B-93A0-D1FDB7663EA6}.Debug|Any CPU.ActiveCfg = Debug|Any CPU
		{3F86CAED-21A9-454B-93A0-D1FDB7663EA6}.Debug|Any CPU.Build.0 = Debug|Any CPU
		{3F86CAED-21A9-454B-93A0-D1FDB7663EA6}.Debug|ARM.ActiveCfg = Debug|Any CPU
		{3F86CAED-21A9-454B-93A0-D1FDB7663EA6}.Debug|ARM.Build.0 = Debug|Any CPU
		{3F86CAED-21A9-454B-93A0-D1FDB7663EA6}.Debug|iPhone.ActiveCfg = Debug|Any CPU
		{3F86CAED-21A9-454B-93A0-D1FDB7663EA6}.Debug|iPhone.Build.0 = Debug|Any CPU
		{3F86CAED-21A9-454B-93A0-D1FDB7663EA6}.Debug|iPhoneSimulator.ActiveCfg = Debug|Any CPU
		{3F86CAED-21A9-454B-93A0-D1FDB7663EA6}.Debug|iPhoneSimulator.Build.0 = Debug|Any CPU
		{3F86CAED-21A9-454B-93A0-D1FDB7663EA6}.Debug|x64.ActiveCfg = Debug|Any CPU
		{3F86CAED-21A9-454B-93A0-D1FDB7663EA6}.Debug|x64.Build.0 = Debug|Any CPU
		{3F86CAED-21A9-454B-93A0-D1FDB7663EA6}.Debug|x86.ActiveCfg = Debug|Any CPU
		{3F86CAED-21A9-454B-93A0-D1FDB7663EA6}.Debug|x86.Build.0 = Debug|Any CPU
		{3F86CAED-21A9-454B-93A0-D1FDB7663EA6}.Release|Any CPU.ActiveCfg = Release|Any CPU
		{3F86CAED-21A9-454B-93A0-D1FDB7663EA6}.Release|Any CPU.Build.0 = Release|Any CPU
		{3F86CAED-21A9-454B-93A0-D1FDB7663EA6}.Release|ARM.ActiveCfg = Release|Any CPU
		{3F86CAED-21A9-454B-93A0-D1FDB7663EA6}.Release|ARM.Build.0 = Release|Any CPU
		{3F86CAED-21A9-454B-93A0-D1FDB7663EA6}.Release|iPhone.ActiveCfg = Release|Any CPU
		{3F86CAED-21A9-454B-93A0-D1FDB7663EA6}.Release|iPhone.Build.0 = Release|Any CPU
		{3F86CAED-21A9-454B-93A0-D1FDB7663EA6}.Release|iPhoneSimulator.ActiveCfg = Release|Any CPU
		{3F86CAED-21A9-454B-93A0-D1FDB7663EA6}.Release|iPhoneSimulator.Build.0 = Release|Any CPU
		{3F86CAED-21A9-454B-93A0-D1FDB7663EA6}.Release|x64.ActiveCfg = Release|Any CPU
		{3F86CAED-21A9-454B-93A0-D1FDB7663EA6}.Release|x64.Build.0 = Release|Any CPU
		{3F86CAED-21A9-454B-93A0-D1FDB7663EA6}.Release|x86.ActiveCfg = Release|Any CPU
		{3F86CAED-21A9-454B-93A0-D1FDB7663EA6}.Release|x86.Build.0 = Release|Any CPU
	EndGlobalSection
	GlobalSection(SolutionProperties) = preSolution
		HideSolutionNode = FALSE
	EndGlobalSection
	GlobalSection(ExtensibilityGlobals) = postSolution
		SolutionGuid = {8AF347E5-F99C-4134-99C7-49DE7BB52A53}
	EndGlobalSection
EndGlobal
